
Microsoft Visual Studio Solution File, Format Version 12.00
# Visual Studio Version 16
VisualStudioVersion = 16.0.31205.134
MinimumVisualStudioVersion = 10.0.40219.1
Project("{FAE04EC0-301F-11D3-BF4B-00C04F79EFBC}") = "Plank_bot", "Plank_bot\Plank_bot.csproj", "{0F3B32FF-F308-43D0-A6BF-33213DC693AE}"
EndProject
Global
	GlobalSection(SolutionConfigurationPlatforms) = preSolution
		Debug|Any CPU = Debug|Any CPU
		Release|Any CPU = Release|Any CPU
	EndGlobalSection
	GlobalSection(ProjectConfigurationPlatforms) = postSolution
		{0F3B32FF-F308-43D0-A6BF-33213DC693AE}.Debug|Any CPU.ActiveCfg = Debug|Any CPU
		{0F3B32FF-F308-43D0-A6BF-33213DC693AE}.Debug|Any CPU.Build.0 = Debug|Any CPU
		{0F3B32FF-F308-43D0-A6BF-33213DC693AE}.Release|Any CPU.ActiveCfg = Release|Any CPU
		{0F3B32FF-F308-43D0-A6BF-33213DC693AE}.Release|Any CPU.Build.0 = Release|Any CPU
	EndGlobalSection
	GlobalSection(SolutionProperties) = preSolution
		HideSolutionNode = FALSE
	EndGlobalSection
	GlobalSection(ExtensibilityGlobals) = postSolution
		SolutionGuid = {3DD20933-13E9-4A4C-8AAB-5B12902D3A56}
	EndGlobalSection
EndGlobal
